
Microsoft Visual Studio Solution File, Format Version 12.00
# Visual Studio Version 17
VisualStudioVersion = 17.4.33122.133
MinimumVisualStudioVersion = 10.0.40219.1
Project("{FAE04EC0-301F-11D3-BF4B-00C04F79EFBC}") = "CRUD_TresCamadas", "CRUD_TresCamadas\CRUD_TresCamadas.csproj", "{F4AFD5CA-C346-43EA-A950-EFDD1182A824}"
EndProject
Global
	GlobalSection(SolutionConfigurationPlatforms) = preSolution
		Debug|Any CPU = Debug|Any CPU
		Release|Any CPU = Release|Any CPU
	EndGlobalSection
	GlobalSection(ProjectConfigurationPlatforms) = postSolution
		{F4AFD5CA-C346-43EA-A950-EFDD1182A824}.Debug|Any CPU.ActiveCfg = Debug|Any CPU
		{F4AFD5CA-C346-43EA-A950-EFDD1182A824}.Debug|Any CPU.Build.0 = Debug|Any CPU
		{F4AFD5CA-C346-43EA-A950-EFDD1182A824}.Release|Any CPU.ActiveCfg = Release|Any CPU
		{F4AFD5CA-C346-43EA-A950-EFDD1182A824}.Release|Any CPU.Build.0 = Release|Any CPU
	EndGlobalSection
	GlobalSection(SolutionProperties) = preSolution
		HideSolutionNode = FALSE
	EndGlobalSection
	GlobalSection(ExtensibilityGlobals) = postSolution
		SolutionGuid = {9D54E904-CB21-44F0-BF71-A386AB5ED47D}
	EndGlobalSection
EndGlobal
